
Microsoft Visual Studio Solution File, Format Version 12.00
# Visual Studio Version 17
VisualStudioVersion = 17.9.34902.65
MinimumVisualStudioVersion = 10.0.40219.1
Project("{FAE04EC0-301F-11D3-BF4B-00C04F79EFBC}") = "APICours", "APICours\APICours.csproj", "{C61CD031-C53D-4704-8C8B-FB20208A733E}"
EndProject
Global
	GlobalSection(SolutionConfigurationPlatforms) = preSolution
		Debug|Any CPU = Debug|Any CPU
		Release|Any CPU = Release|Any CPU
	EndGlobalSection
	GlobalSection(ProjectConfigurationPlatforms) = postSolution
		{C61CD031-C53D-4704-8C8B-FB20208A733E}.Debug|Any CPU.ActiveCfg = Debug|Any CPU
		{C61CD031-C53D-4704-8C8B-FB20208A733E}.Debug|Any CPU.Build.0 = Debug|Any CPU
		{C61CD031-C53D-4704-8C8B-FB20208A733E}.Release|Any CPU.ActiveCfg = Release|Any CPU
		{C61CD031-C53D-4704-8C8B-FB20208A733E}.Release|Any CPU.Build.0 = Release|Any CPU
	EndGlobalSection
	GlobalSection(SolutionProperties) = preSolution
		HideSolutionNode = FALSE
	EndGlobalSection
	GlobalSection(ExtensibilityGlobals) = postSolution
		SolutionGuid = {F19F8F1F-F434-4012-9A3F-885F265A21D0}
	EndGlobalSection
EndGlobal
